// !$*UTF8*$!
{
	archiveVersion = 1;
	classes = {
	};
	objectVersion = 55;
	objects = {

/* Begin PBXBuildFile section */
		A82571952865B3E8009DEB02 /* ResultView.swift in Sources */ = {isa = PBXBuildFile; fileRef = A82571942865B3E8009DEB02 /* ResultView.swift */; };
		A82571962865B3E8009DEB02 /* ResultView.swift in Sources */ = {isa = PBXBuildFile; fileRef = A82571942865B3E8009DEB02 /* ResultView.swift */; };
		A82571982865BF3C009DEB02 /* QuestionController.swift in Sources */ = {isa = PBXBuildFile; fileRef = A82571972865BF3C009DEB02 /* QuestionController.swift */; };
		A87703C02809374100A9118D /* Tests_iOS.swift in Sources */ = {isa = PBXBuildFile; fileRef = A87703BF2809374100A9118D /* Tests_iOS.swift */; };
		A87703C22809374100A9118D /* Tests_iOSLaunchTests.swift in Sources */ = {isa = PBXBuildFile; fileRef = A87703C12809374100A9118D /* Tests_iOSLaunchTests.swift */; };
		A87703CC2809374100A9118D /* Tests_macOS.swift in Sources */ = {isa = PBXBuildFile; fileRef = A87703CB2809374100A9118D /* Tests_macOS.swift */; };
		A87703CE2809374100A9118D /* Tests_macOSLaunchTests.swift in Sources */ = {isa = PBXBuildFile; fileRef = A87703CD2809374100A9118D /* Tests_macOSLaunchTests.swift */; };
		A87703CF2809374100A9118D /* diagnose_app.xcdatamodeld in Sources */ = {isa = PBXBuildFile; fileRef = A87703A42809374000A9118D /* diagnose_app.xcdatamodeld */; };
		A87703D02809374100A9118D /* diagnose_app.xcdatamodeld in Sources */ = {isa = PBXBuildFile; fileRef = A87703A42809374000A9118D /* diagnose_app.xcdatamodeld */; };
		A87703D12809374100A9118D /* diagnose_appApp.swift in Sources */ = {isa = PBXBuildFile; fileRef = A87703A62809374000A9118D /* diagnose_appApp.swift */; };
		A87703D22809374100A9118D /* diagnose_appApp.swift in Sources */ = {isa = PBXBuildFile; fileRef = A87703A62809374000A9118D /* diagnose_appApp.swift */; };
		A87703D32809374100A9118D /* ContentView.swift in Sources */ = {isa = PBXBuildFile; fileRef = A87703A72809374000A9118D /* ContentView.swift */; };
		A87703D42809374100A9118D /* ContentView.swift in Sources */ = {isa = PBXBuildFile; fileRef = A87703A72809374000A9118D /* ContentView.swift */; };
		A87703D52809374100A9118D /* Persistence.swift in Sources */ = {isa = PBXBuildFile; fileRef = A87703A82809374000A9118D /* Persistence.swift */; };
		A87703D62809374100A9118D /* Persistence.swift in Sources */ = {isa = PBXBuildFile; fileRef = A87703A82809374000A9118D /* Persistence.swift */; };
		A87703D72809374100A9118D /* Assets.xcassets in Resources */ = {isa = PBXBuildFile; fileRef = A87703A92809374000A9118D /* Assets.xcassets */; };
		A87703D82809374100A9118D /* Assets.xcassets in Resources */ = {isa = PBXBuildFile; fileRef = A87703A92809374000A9118D /* Assets.xcassets */; };
		A87703F42809401A00A9118D /* QuestionView.swift in Sources */ = {isa = PBXBuildFile; fileRef = A87703F32809401A00A9118D /* QuestionView.swift */; };
		A87703F52809401A00A9118D /* QuestionView.swift in Sources */ = {isa = PBXBuildFile; fileRef = A87703F32809401A00A9118D /* QuestionView.swift */; };
		A8841F4128782661008BA8F6 /* RankingModel.swift in Sources */ = {isa = PBXBuildFile; fileRef = A8841F4028782661008BA8F6 /* RankingModel.swift */; };
		A886B7F72874250300DB682A /* ImageModel.swift in Sources */ = {isa = PBXBuildFile; fileRef = A886B7F62874250300DB682A /* ImageModel.swift */; };
		A886B7FC2874281A00DB682A /* ImageView.swift in Sources */ = {isa = PBXBuildFile; fileRef = A886B7FB2874281A00DB682A /* ImageView.swift */; };
		A886B8012874458400DB682A /* Util.swift in Sources */ = {isa = PBXBuildFile; fileRef = A886B8002874458400DB682A /* Util.swift */; };
		A8A28C04282E4014008D9E6A /* dataList.csv in Resources */ = {isa = PBXBuildFile; fileRef = A8A28C03282E4014008D9E6A /* dataList.csv */; };
/* End PBXBuildFile section */

/* Begin PBXContainerItemProxy section */
		A87703BC2809374100A9118D /* PBXContainerItemProxy */ = {
			isa = PBXContainerItemProxy;
			containerPortal = A877039F2809374000A9118D /* Project object */;
			proxyType = 1;
			remoteGlobalIDString = A87703AD2809374000A9118D;
			remoteInfo = "diagnose-app (iOS)";
		};
		A87703C82809374100A9118D /* PBXContainerItemProxy */ = {
			isa = PBXContainerItemProxy;
			containerPortal = A877039F2809374000A9118D /* Project object */;
			proxyType = 1;
			remoteGlobalIDString = A87703B32809374100A9118D;
			remoteInfo = "diagnose-app (macOS)";
		};
/* End PBXContainerItemProxy section */

/* Begin PBXFileReference section */
		A82571942865B3E8009DEB02 /* ResultView.swift */ = {isa = PBXFileReference; lastKnownFileType = sourcecode.swift; path = ResultView.swift; sourceTree = "<group>"; };
		A82571972865BF3C009DEB02 /* QuestionController.swift */ = {isa = PBXFileReference; lastKnownFileType = sourcecode.swift; path = QuestionController.swift; sourceTree = "<group>"; };
		A87703A52809374000A9118D /* Shared.xcdatamodel */ = {isa = PBXFileReference; lastKnownFileType = wrapper.xcdatamodel; path = Shared.xcdatamodel; sourceTree = "<group>"; };
		A87703A62809374000A9118D /* diagnose_appApp.swift */ = {isa = PBXFileReference; lastKnownFileType = sourcecode.swift; path = diagnose_appApp.swift; sourceTree = "<group>"; };
		A87703A72809374000A9118D /* ContentView.swift */ = {isa = PBXFileReference; lastKnownFileType = sourcecode.swift; path = ContentView.swift; sourceTree = "<group>"; };
		A87703A82809374000A9118D /* Persistence.swift */ = {isa = PBXFileReference; lastKnownFileType = sourcecode.swift; path = Persistence.swift; sourceTree = "<group>"; };
		A87703A92809374000A9118D /* Assets.xcassets */ = {isa = PBXFileReference; lastKnownFileType = folder.assetcatalog; path = Assets.xcassets; sourceTree = "<group>"; };
		A87703AE2809374000A9118D /* diagnose-app.app */ = {isa = PBXFileReference; explicitFileType = wrapper.application; includeInIndex = 0; path = "diagnose-app.app"; sourceTree = BUILT_PRODUCTS_DIR; };
		A87703B42809374100A9118D /* diagnose-app.app */ = {isa = PBXFileReference; explicitFileType = wrapper.application; includeInIndex = 0; path = "diagnose-app.app"; sourceTree = BUILT_PRODUCTS_DIR; };
		A87703B62809374100A9118D /* macOS.entitlements */ = {isa = PBXFileReference; lastKnownFileType = text.plist.entitlements; path = macOS.entitlements; sourceTree = "<group>"; };
		A87703BB2809374100A9118D /* Tests iOS.xctest */ = {isa = PBXFileReference; explicitFileType = wrapper.cfbundle; includeInIndex = 0; path = "Tests iOS.xctest"; sourceTree = BUILT_PRODUCTS_DIR; };
		A87703BF2809374100A9118D /* Tests_iOS.swift */ = {isa = PBXFileReference; lastKnownFileType = sourcecode.swift; path = Tests_iOS.swift; sourceTree = "<group>"; };
		A87703C12809374100A9118D /* Tests_iOSLaunchTests.swift */ = {isa = PBXFileReference; lastKnownFileType = sourcecode.swift; path = Tests_iOSLaunchTests.swift; sourceTree = "<group>"; };
		A87703C72809374100A9118D /* Tests macOS.xctest */ = {isa = PBXFileReference; explicitFileType = wrapper.cfbundle; includeInIndex = 0; path = "Tests macOS.xctest"; sourceTree = BUILT_PRODUCTS_DIR; };
		A87703CB2809374100A9118D /* Tests_macOS.swift */ = {isa = PBXFileReference; lastKnownFileType = sourcecode.swift; path = Tests_macOS.swift; sourceTree = "<group>"; };
		A87703CD2809374100A9118D /* Tests_macOSLaunchTests.swift */ = {isa = PBXFileReference; lastKnownFileType = sourcecode.swift; path = Tests_macOSLaunchTests.swift; sourceTree = "<group>"; };
		A87703F32809401A00A9118D /* QuestionView.swift */ = {isa = PBXFileReference; lastKnownFileType = sourcecode.swift; path = QuestionView.swift; sourceTree = "<group>"; };
		A8841F4028782661008BA8F6 /* RankingModel.swift */ = {isa = PBXFileReference; lastKnownFileType = sourcecode.swift; path = RankingModel.swift; sourceTree = "<group>"; };
		A886B7F62874250300DB682A /* ImageModel.swift */ = {isa = PBXFileReference; lastKnownFileType = sourcecode.swift; path = ImageModel.swift; sourceTree = "<group>"; };
		A886B7FB2874281A00DB682A /* ImageView.swift */ = {isa = PBXFileReference; lastKnownFileType = sourcecode.swift; path = ImageView.swift; sourceTree = "<group>"; };
		A886B8002874458400DB682A /* Util.swift */ = {isa = PBXFileReference; lastKnownFileType = sourcecode.swift; path = Util.swift; sourceTree = "<group>"; };
		A8A28C03282E4014008D9E6A /* dataList.csv */ = {isa = PBXFileReference; lastKnownFileType = text; path = dataList.csv; sourceTree = "<group>"; };
/* End PBXFileReference section */

/* Begin PBXFrameworksBuildPhase section */
		A87703AB2809374000A9118D /* Frameworks */ = {
			isa = PBXFrameworksBuildPhase;
			buildActionMask = 2147483647;
			files = (
			);
			runOnlyForDeploymentPostprocessing = 0;
		};
		A87703B12809374100A9118D /* Frameworks */ = {
			isa = PBXFrameworksBuildPhase;
			buildActionMask = 2147483647;
			files = (
			);
			runOnlyForDeploymentPostprocessing = 0;
		};
		A87703B82809374100A9118D /* Frameworks */ = {
			isa = PBXFrameworksBuildPhase;
			buildActionMask = 2147483647;
			files = (
			);
			runOnlyForDeploymentPostprocessing = 0;
		};
		A87703C42809374100A9118D /* Frameworks */ = {
			isa = PBXFrameworksBuildPhase;
			buildActionMask = 2147483647;
			files = (
			);
			runOnlyForDeploymentPostprocessing = 0;
		};
/* End PBXFrameworksBuildPhase section */

/* Begin PBXGroup section */
		A877039E2809374000A9118D = {
			isa = PBXGroup;
			children = (
				A87703A32809374000A9118D /* Shared */,
				A87703B52809374100A9118D /* macOS */,
				A87703BE2809374100A9118D /* Tests iOS */,
				A87703CA2809374100A9118D /* Tests macOS */,
				A87703AF2809374000A9118D /* Products */,
			);
			sourceTree = "<group>";
		};
		A87703A32809374000A9118D /* Shared */ = {
			isa = PBXGroup;
			children = (
				A88467DD281A34B200DFED35 /* Model */,
				A88467DF281A355700DFED35 /* View */,
				A8A28C06282E4117008D9E6A /* Controller */,
				A886B7FF2874456300DB682A /* Utility */,
				A87703A82809374000A9118D /* Persistence.swift */,
				A87703A62809374000A9118D /* diagnose_appApp.swift */,
				A8A28C03282E4014008D9E6A /* dataList.csv */,
				A87703A92809374000A9118D /* Assets.xcassets */,
				A87703A42809374000A9118D /* diagnose_app.xcdatamodeld */,
			);
			path = Shared;
			sourceTree = "<group>";
		};
		A87703AF2809374000A9118D /* Products */ = {
			isa = PBXGroup;
			children = (
				A87703AE2809374000A9118D /* diagnose-app.app */,
				A87703B42809374100A9118D /* diagnose-app.app */,
				A87703BB2809374100A9118D /* Tests iOS.xctest */,
				A87703C72809374100A9118D /* Tests macOS.xctest */,
			);
			name = Products;
			sourceTree = "<group>";
		};
		A87703B52809374100A9118D /* macOS */ = {
			isa = PBXGroup;
			children = (
				A87703B62809374100A9118D /* macOS.entitlements */,
			);
			path = macOS;
			sourceTree = "<group>";
		};
		A87703BE2809374100A9118D /* Tests iOS */ = {
			isa = PBXGroup;
			children = (
				A87703BF2809374100A9118D /* Tests_iOS.swift */,
				A87703C12809374100A9118D /* Tests_iOSLaunchTests.swift */,
			);
			path = "Tests iOS";
			sourceTree = "<group>";
		};
		A87703CA2809374100A9118D /* Tests macOS */ = {
			isa = PBXGroup;
			children = (
				A87703CB2809374100A9118D /* Tests_macOS.swift */,
				A87703CD2809374100A9118D /* Tests_macOSLaunchTests.swift */,
			);
			path = "Tests macOS";
			sourceTree = "<group>";
		};
		A88467DD281A34B200DFED35 /* Model */ = {
			isa = PBXGroup;
			children = (
				A886B7F62874250300DB682A /* ImageModel.swift */,
				A8841F4028782661008BA8F6 /* RankingModel.swift */,
			);
			name = Model;
			sourceTree = "<group>";
		};
		A88467DF281A355700DFED35 /* View */ = {
			isa = PBXGroup;
			children = (
				A87703A72809374000A9118D /* ContentView.swift */,
				A87703F32809401A00A9118D /* QuestionView.swift */,
				A82571942865B3E8009DEB02 /* ResultView.swift */,
				A886B7F82874279900DB682A /* Image */,
			);
			name = View;
			sourceTree = "<group>";
		};
		A886B7F82874279900DB682A /* Image */ = {
			isa = PBXGroup;
			children = (
				A886B7FB2874281A00DB682A /* ImageView.swift */,
			);
			path = Image;
			sourceTree = "<group>";
		};
		A886B7FF2874456300DB682A /* Utility */ = {
			isa = PBXGroup;
			children = (
				A886B8002874458400DB682A /* Util.swift */,
			);
			path = Utility;
			sourceTree = "<group>";
		};
		A8A28C06282E4117008D9E6A /* Controller */ = {
			isa = PBXGroup;
			children = (
				A82571972865BF3C009DEB02 /* QuestionController.swift */,
			);
			path = Controller;
			sourceTree = "<group>";
		};
/* End PBXGroup section */

/* Begin PBXNativeTarget section */
		A87703AD2809374000A9118D /* diagnose-app (iOS) */ = {
			isa = PBXNativeTarget;
			buildConfigurationList = A87703DB2809374100A9118D /* Build configuration list for PBXNativeTarget "diagnose-app (iOS)" */;
			buildPhases = (
				A87703AA2809374000A9118D /* Sources */,
				A87703AB2809374000A9118D /* Frameworks */,
				A87703AC2809374000A9118D /* Resources */,
			);
			buildRules = (
			);
			dependencies = (
			);
			name = "diagnose-app (iOS)";
			productName = "diagnose-app (iOS)";
			productReference = A87703AE2809374000A9118D /* diagnose-app.app */;
			productType = "com.apple.product-type.application";
		};
		A87703B32809374100A9118D /* diagnose-app (macOS) */ = {
			isa = PBXNativeTarget;
			buildConfigurationList = A87703DE2809374100A9118D /* Build configuration list for PBXNativeTarget "diagnose-app (macOS)" */;
			buildPhases = (
				A87703B02809374100A9118D /* Sources */,
				A87703B12809374100A9118D /* Frameworks */,
				A87703B22809374100A9118D /* Resources */,
			);
			buildRules = (
			);
			dependencies = (
			);
			name = "diagnose-app (macOS)";
			productName = "diagnose-app (macOS)";
			productReference = A87703B42809374100A9118D /* diagnose-app.app */;
			productType = "com.apple.product-type.application";
		};
		A87703BA2809374100A9118D /* Tests iOS */ = {
			isa = PBXNativeTarget;
			buildConfigurationList = A87703E12809374100A9118D /* Build configuration list for PBXNativeTarget "Tests iOS" */;
			buildPhases = (
				A87703B72809374100A9118D /* Sources */,
				A87703B82809374100A9118D /* Frameworks */,
				A87703B92809374100A9118D /* Resources */,
			);
			buildRules = (
			);
			dependencies = (
				A87703BD2809374100A9118D /* PBXTargetDependency */,
			);
			name = "Tests iOS";
			productName = "Tests iOS";
			productReference = A87703BB2809374100A9118D /* Tests iOS.xctest */;
			productType = "com.apple.product-type.bundle.ui-testing";
		};
		A87703C62809374100A9118D /* Tests macOS */ = {
			isa = PBXNativeTarget;
			buildConfigurationList = A87703E42809374100A9118D /* Build configuration list for PBXNativeTarget "Tests macOS" */;
			buildPhases = (
				A87703C32809374100A9118D /* Sources */,
				A87703C42809374100A9118D /* Frameworks */,
				A87703C52809374100A9118D /* Resources */,
			);
			buildRules = (
			);
			dependencies = (
				A87703C92809374100A9118D /* PBXTargetDependency */,
			);
			name = "Tests macOS";
			productName = "Tests macOS";
			productReference = A87703C72809374100A9118D /* Tests macOS.xctest */;
			productType = "com.apple.product-type.bundle.ui-testing";
		};
/* End PBXNativeTarget section */

/* Begin PBXProject section */
		A877039F2809374000A9118D /* Project object */ = {
			isa = PBXProject;
			attributes = {
				BuildIndependentTargetsInParallel = 1;
				LastSwiftUpdateCheck = 1330;
				LastUpgradeCheck = 1330;
				TargetAttributes = {
					A87703AD2809374000A9118D = {
						CreatedOnToolsVersion = 13.3;
					};
					A87703B32809374100A9118D = {
						CreatedOnToolsVersion = 13.3;
					};
					A87703BA2809374100A9118D = {
						CreatedOnToolsVersion = 13.3;
						TestTargetID = A87703AD2809374000A9118D;
					};
					A87703C62809374100A9118D = {
						CreatedOnToolsVersion = 13.3;
						TestTargetID = A87703B32809374100A9118D;
					};
				};
			};
			buildConfigurationList = A87703A22809374000A9118D /* Build configuration list for PBXProject "diagnose-app" */;
			compatibilityVersion = "Xcode 13.0";
			developmentRegion = en;
			hasScannedForEncodings = 0;
			knownRegions = (
				en,
				Base,
			);
			mainGroup = A877039E2809374000A9118D;
			productRefGroup = A87703AF2809374000A9118D /* Products */;
			projectDirPath = "";
			projectRoot = "";
			targets = (
				A87703AD2809374000A9118D /* diagnose-app (iOS) */,
				A87703B32809374100A9118D /* diagnose-app (macOS) */,
				A87703BA2809374100A9118D /* Tests iOS */,
				A87703C62809374100A9118D /* Tests macOS */,
			);
		};
/* End PBXProject section */

/* Begin PBXResourcesBuildPhase section */
		A87703AC2809374000A9118D /* Resources */ = {
			isa = PBXResourcesBuildPhase;
			buildActionMask = 2147483647;
			files = (
				A8A28C04282E4014008D9E6A /* dataList.csv in Resources */,
				A87703D72809374100A9118D /* Assets.xcassets in Resources */,
			);
			runOnlyForDeploymentPostprocessing = 0;
		};
		A87703B22809374100A9118D /* Resources */ = {
			isa = PBXResourcesBuildPhase;
			buildActionMask = 2147483647;
			files = (
				A87703D82809374100A9118D /* Assets.xcassets in Resources */,
			);
			runOnlyForDeploymentPostprocessing = 0;
		};
		A87703B92809374100A9118D /* Resources */ = {
			isa = PBXResourcesBuildPhase;
			buildActionMask = 2147483647;
			files = (
			);
			runOnlyForDeploymentPostprocessing = 0;
		};
		A87703C52809374100A9118D /* Resources */ = {
			isa = PBXResourcesBuildPhase;
			buildActionMask = 2147483647;
			files = (
			);
			runOnlyForDeploymentPostprocessing = 0;
		};
/* End PBXResourcesBuildPhase section */

/* Begin PBXSourcesBuildPhase section */
		A87703AA2809374000A9118D /* Sources */ = {
			isa = PBXSourcesBuildPhase;
			buildActionMask = 2147483647;
			files = (
				A886B8012874458400DB682A /* Util.swift in Sources */,
				A87703CF2809374100A9118D /* diagnose_app.xcdatamodeld in Sources */,
				A82571952865B3E8009DEB02 /* ResultView.swift in Sources */,
				A87703F42809401A00A9118D /* QuestionView.swift in Sources */,
				A87703D52809374100A9118D /* Persistence.swift in Sources */,
				A87703D12809374100A9118D /* diagnose_appApp.swift in Sources */,
				A87703D32809374100A9118D /* ContentView.swift in Sources */,
				A886B7FC2874281A00DB682A /* ImageView.swift in Sources */,
				A8841F4128782661008BA8F6 /* RankingModel.swift in Sources */,
				A82571982865BF3C009DEB02 /* QuestionController.swift in Sources */,
				A886B7F72874250300DB682A /* ImageModel.swift in Sources */,
			);
			runOnlyForDeploymentPostprocessing = 0;
		};
		A87703B02809374100A9118D /* Sources */ = {
			isa = PBXSourcesBuildPhase;
			buildActionMask = 2147483647;
			files = (
				A87703D02809374100A9118D /* diagnose_app.xcdatamodeld in Sources */,
				A87703F52809401A00A9118D /* QuestionView.swift in Sources */,
				A87703D62809374100A9118D /* Persistence.swift in Sources */,
				A87703D22809374100A9118D /* diagnose_appApp.swift in Sources */,
				A82571962865B3E8009DEB02 /* ResultView.swift in Sources */,
				A87703D42809374100A9118D /* ContentView.swift in Sources */,
			);
			runOnlyForDeploymentPostprocessing = 0;
		};
		A87703B72809374100A9118D /* Sources */ = {
			isa = PBXSourcesBuildPhase;
			buildActionMask = 2147483647;
			files = (
				A87703C22809374100A9118D /* Tests_iOSLaunchTests.swift in Sources */,
				A87703C02809374100A9118D /* Tests_iOS.swift in Sources */,
			);
			runOnlyForDeploymentPostprocessing = 0;
		};
		A87703C32809374100A9118D /* Sources */ = {
			isa = PBXSourcesBuildPhase;
			buildActionMask = 2147483647;
			files = (
				A87703CE2809374100A9118D /* Tests_macOSLaunchTests.swift in Sources */,
				A87703CC2809374100A9118D /* Tests_macOS.swift in Sources */,
			);
			runOnlyForDeploymentPostprocessing = 0;
		};
/* End PBXSourcesBuildPhase section */

/* Begin PBXTargetDependency section */
		A87703BD2809374100A9118D /* PBXTargetDependency */ = {
			isa = PBXTargetDependency;
			target = A87703AD2809374000A9118D /* diagnose-app (iOS) */;
			targetProxy = A87703BC2809374100A9118D /* PBXContainerItemProxy */;
		};
		A87703C92809374100A9118D /* PBXTargetDependency */ = {
			isa = PBXTargetDependency;
			target = A87703B32809374100A9118D /* diagnose-app (macOS) */;
			targetProxy = A87703C82809374100A9118D /* PBXContainerItemProxy */;
		};
/* End PBXTargetDependency section */

/* Begin XCBuildConfiguration section */
		A87703D92809374100A9118D /* Debug */ = {
			isa = XCBuildConfiguration;
			buildSettings = {
				ALWAYS_SEARCH_USER_PATHS = NO;
				CLANG_ANALYZER_NONNULL = YES;
				CLANG_ANALYZER_NUMBER_OBJECT_CONVERSION = YES_AGGRESSIVE;
				CLANG_CXX_LANGUAGE_STANDARD = "gnu++17";
				CLANG_ENABLE_MODULES = YES;
				CLANG_ENABLE_OBJC_ARC = YES;
				CLANG_ENABLE_OBJC_WEAK = YES;
				CLANG_WARN_BLOCK_CAPTURE_AUTORELEASING = YES;
				CLANG_WARN_BOOL_CONVERSION = YES;
				CLANG_WARN_COMMA = YES;
				CLANG_WARN_CONSTANT_CONVERSION = YES;
				CLANG_WARN_DEPRECATED_OBJC_IMPLEMENTATIONS = YES;
				CLANG_WARN_DIRECT_OBJC_ISA_USAGE = YES_ERROR;
				CLANG_WARN_DOCUMENTATION_COMMENTS = YES;
				CLANG_WARN_EMPTY_BODY = YES;
				CLANG_WARN_ENUM_CONVERSION = YES;
				CLANG_WARN_INFINITE_RECURSION = YES;
				CLANG_WARN_INT_CONVERSION = YES;
				CLANG_WARN_NON_LITERAL_NULL_CONVERSION = YES;
				CLANG_WARN_OBJC_IMPLICIT_RETAIN_SELF = YES;
				CLANG_WARN_OBJC_LITERAL_CONVERSION = YES;
				CLANG_WARN_OBJC_ROOT_CLASS = YES_ERROR;
				CLANG_WARN_QUOTED_INCLUDE_IN_FRAMEWORK_HEADER = YES;
				CLANG_WARN_RANGE_LOOP_ANALYSIS = YES;
				CLANG_WARN_STRICT_PROTOTYPES = YES;
				CLANG_WARN_SUSPICIOUS_MOVE = YES;
				CLANG_WARN_UNGUARDED_AVAILABILITY = YES_AGGRESSIVE;
				CLANG_WARN_UNREACHABLE_CODE = YES;
				CLANG_WARN__DUPLICATE_METHOD_MATCH = YES;
				COPY_PHASE_STRIP = NO;
				DEBUG_INFORMATION_FORMAT = dwarf;
				ENABLE_STRICT_OBJC_MSGSEND = YES;
				ENABLE_TESTABILITY = YES;
				GCC_C_LANGUAGE_STANDARD = gnu11;
				GCC_DYNAMIC_NO_PIC = NO;
				GCC_NO_COMMON_BLOCKS = YES;
				GCC_OPTIMIZATION_LEVEL = 0;
				GCC_PREPROCESSOR_DEFINITIONS = (
					"DEBUG=1",
					"$(inherited)",
				);
				GCC_WARN_64_TO_32_BIT_CONVERSION = YES;
				GCC_WARN_ABOUT_RETURN_TYPE = YES_ERROR;
				GCC_WARN_UNDECLARED_SELECTOR = YES;
				GCC_WARN_UNINITIALIZED_AUTOS = YES_AGGRESSIVE;
				GCC_WARN_UNUSED_FUNCTION = YES;
				GCC_WARN_UNUSED_VARIABLE = YES;
				MTL_ENABLE_DEBUG_INFO = INCLUDE_SOURCE;
				MTL_FAST_MATH = YES;
				ONLY_ACTIVE_ARCH = YES;
				SWIFT_ACTIVE_COMPILATION_CONDITIONS = DEBUG;
				SWIFT_OPTIMIZATION_LEVEL = "-Onone";
			};
			name = Debug;
		};
		A87703DA2809374100A9118D /* Release */ = {
			isa = XCBuildConfiguration;
			buildSettings = {
				ALWAYS_SEARCH_USER_PATHS = NO;
				CLANG_ANALYZER_NONNULL = YES;
				CLANG_ANALYZER_NUMBER_OBJECT_CONVERSION = YES_AGGRESSIVE;
				CLANG_CXX_LANGUAGE_STANDARD = "gnu++17";
				CLANG_ENABLE_MODULES = YES;
				CLANG_ENABLE_OBJC_ARC = YES;
				CLANG_ENABLE_OBJC_WEAK = YES;
				CLANG_WARN_BLOCK_CAPTURE_AUTORELEASING = YES;
				CLANG_WARN_BOOL_CONVERSION = YES;
				CLANG_WARN_COMMA = YES;
				CLANG_WARN_CONSTANT_CONVERSION = YES;
				CLANG_WARN_DEPRECATED_OBJC_IMPLEMENTATIONS = YES;
				CLANG_WARN_DIRECT_OBJC_ISA_USAGE = YES_ERROR;
				CLANG_WARN_DOCUMENTATION_COMMENTS = YES;
				CLANG_WARN_EMPTY_BODY = YES;
				CLANG_WARN_ENUM_CONVERSION = YES;
				CLANG_WARN_INFINITE_RECURSION = YES;
				CLANG_WARN_INT_CONVERSION = YES;
				CLANG_WARN_NON_LITERAL_NULL_CONVERSION = YES;
				CLANG_WARN_OBJC_IMPLICIT_RETAIN_SELF = YES;
				CLANG_WARN_OBJC_LITERAL_CONVERSION = YES;
				CLANG_WARN_OBJC_ROOT_CLASS = YES_ERROR;
				CLANG_WARN_QUOTED_INCLUDE_IN_FRAMEWORK_HEADER = YES;
				CLANG_WARN_RANGE_LOOP_ANALYSIS = YES;
				CLANG_WARN_STRICT_PROTOTYPES = YES;
				CLANG_WARN_SUSPICIOUS_MOVE = YES;
				CLANG_WARN_UNGUARDED_AVAILABILITY = YES_AGGRESSIVE;
				CLANG_WARN_UNREACHABLE_CODE = YES;
				CLANG_WARN__DUPLICATE_METHOD_MATCH = YES;
				COPY_PHASE_STRIP = NO;
				DEBUG_INFORMATION_FORMAT = "dwarf-with-dsym";
				ENABLE_NS_ASSERTIONS = NO;
				ENABLE_STRICT_OBJC_MSGSEND = YES;
				GCC_C_LANGUAGE_STANDARD = gnu11;
				GCC_NO_COMMON_BLOCKS = YES;
				GCC_WARN_64_TO_32_BIT_CONVERSION = YES;
				GCC_WARN_ABOUT_RETURN_TYPE = YES_ERROR;
				GCC_WARN_UNDECLARED_SELECTOR = YES;
				GCC_WARN_UNINITIALIZED_AUTOS = YES_AGGRESSIVE;
				GCC_WARN_UNUSED_FUNCTION = YES;
				GCC_WARN_UNUSED_VARIABLE = YES;
				MTL_ENABLE_DEBUG_INFO = NO;
				MTL_FAST_MATH = YES;
				SWIFT_COMPILATION_MODE = wholemodule;
				SWIFT_OPTIMIZATION_LEVEL = "-O";
			};
			name = Release;
		};
		A87703DC2809374100A9118D /* Debug */ = {
			isa = XCBuildConfiguration;
			buildSettings = {
				ASSETCATALOG_COMPILER_APPICON_NAME = AppIcon;
				ASSETCATALOG_COMPILER_GLOBAL_ACCENT_COLOR_NAME = AccentColor;
				CODE_SIGN_STYLE = Automatic;
				CURRENT_PROJECT_VERSION = 1;
				DEVELOPMENT_TEAM = 79NG68J8MZ;
				ENABLE_PREVIEWS = YES;
				GENERATE_INFOPLIST_FILE = YES;
				INFOPLIST_KEY_UIApplicationSceneManifest_Generation = YES;
				INFOPLIST_KEY_UIApplicationSupportsIndirectInputEvents = YES;
				INFOPLIST_KEY_UILaunchScreen_Generation = YES;
				INFOPLIST_KEY_UISupportedInterfaceOrientations_iPad = "UIInterfaceOrientationPortrait UIInterfaceOrientationPortraitUpsideDown UIInterfaceOrientationLandscapeLeft UIInterfaceOrientationLandscapeRight";
				INFOPLIST_KEY_UISupportedInterfaceOrientations_iPhone = "UIInterfaceOrientationPortrait UIInterfaceOrientationLandscapeLeft UIInterfaceOrientationLandscapeRight";
				IPHONEOS_DEPLOYMENT_TARGET = 15.4;
				LD_RUNPATH_SEARCH_PATHS = (
					"$(inherited)",
					"@executable_path/Frameworks",
				);
				MARKETING_VERSION = 1.0;
				PRODUCT_BUNDLE_IDENTIFIER = "diagnose-app.diagnose-app";
				PRODUCT_NAME = "diagnose-app";
				SDKROOT = iphoneos;
				SWIFT_EMIT_LOC_STRINGS = YES;
				SWIFT_VERSION = 5.0;
				TARGETED_DEVICE_FAMILY = "1,2";
			};
			name = Debug;
		};
		A87703DD2809374100A9118D /* Release */ = {
			isa = XCBuildConfiguration;
			buildSettings = {
				ASSETCATALOG_COMPILER_APPICON_NAME = AppIcon;
				ASSETCATALOG_COMPILER_GLOBAL_ACCENT_COLOR_NAME = AccentColor;
				CODE_SIGN_STYLE = Automatic;
				CURRENT_PROJECT_VERSION = 1;
				DEVELOPMENT_TEAM = 79NG68J8MZ;
				ENABLE_PREVIEWS = YES;
				GENERATE_INFOPLIST_FILE = YES;
				INFOPLIST_KEY_UIApplicationSceneManifest_Generation = YES;
				INFOPLIST_KEY_UIApplicationSupportsIndirectInputEvents = YES;
				INFOPLIST_KEY_UILaunchScreen_Generation = YES;
				INFOPLIST_KEY_UISupportedInterfaceOrientations_iPad = "UIInterfaceOrientationPortrait UIInterfaceOrientationPortraitUpsideDown UIInterfaceOrientationLandscapeLeft UIInterfaceOrientationLandscapeRight";
				INFOPLIST_KEY_UISupportedInterfaceOrientations_iPhone = "UIInterfaceOrientationPortrait UIInterfaceOrientationLandscapeLeft UIInterfaceOrientationLandscapeRight";
				IPHONEOS_DEPLOYMENT_TARGET = 15.4;
				LD_RUNPATH_SEARCH_PATHS = (
					"$(inherited)",
					"@executable_path/Frameworks",
				);
				MARKETING_VERSION = 1.0;
				PRODUCT_BUNDLE_IDENTIFIER = "diagnose-app.diagnose-app";
				PRODUCT_NAME = "diagnose-app";
				SDKROOT = iphoneos;
				SWIFT_EMIT_LOC_STRINGS = YES;
				SWIFT_VERSION = 5.0;
				TARGETED_DEVICE_FAMILY = "1,2";
				VALIDATE_PRODUCT = YES;
			};
			name = Release;
		};
		A87703DF2809374100A9118D /* Debug */ = {
			isa = XCBuildConfiguration;
			buildSettings = {
				ASSETCATALOG_COMPILER_APPICON_NAME = AppIcon;
				ASSETCATALOG_COMPILER_GLOBAL_ACCENT_COLOR_NAME = AccentColor;
				CODE_SIGN_ENTITLEMENTS = macOS/macOS.entitlements;
				CODE_SIGN_STYLE = Automatic;
				COMBINE_HIDPI_IMAGES = YES;
				CURRENT_PROJECT_VERSION = 1;
				DEVELOPMENT_TEAM = 79NG68J8MZ;
				ENABLE_HARDENED_RUNTIME = YES;
				ENABLE_PREVIEWS = YES;
				GENERATE_INFOPLIST_FILE = YES;
				INFOPLIST_KEY_NSHumanReadableCopyright = "";
				LD_RUNPATH_SEARCH_PATHS = (
					"$(inherited)",
					"@executable_path/../Frameworks",
				);
				MACOSX_DEPLOYMENT_TARGET = 12.3;
				MARKETING_VERSION = 1.0;
				PRODUCT_BUNDLE_IDENTIFIER = "diagnose-app.diagnose-app";
				PRODUCT_NAME = "diagnose-app";
				SDKROOT = macosx;
				SWIFT_EMIT_LOC_STRINGS = YES;
				SWIFT_VERSION = 5.0;
			};
			name = Debug;
		};
		A87703E02809374100A9118D /* Release */ = {
			isa = XCBuildConfiguration;
			buildSettings = {
				ASSETCATALOG_COMPILER_APPICON_NAME = AppIcon;
				ASSETCATALOG_COMPILER_GLOBAL_ACCENT_COLOR_NAME = AccentColor;
				CODE_SIGN_ENTITLEMENTS = macOS/macOS.entitlements;
				CODE_SIGN_STYLE = Automatic;
				COMBINE_HIDPI_IMAGES = YES;
				CURRENT_PROJECT_VERSION = 1;
				DEVELOPMENT_TEAM = 79NG68J8MZ;
				ENABLE_HARDENED_RUNTIME = YES;
				ENABLE_PREVIEWS = YES;
				GENERATE_INFOPLIST_FILE = YES;
				INFOPLIST_KEY_NSHumanReadableCopyright = "";
				LD_RUNPATH_SEARCH_PATHS = (
					"$(inherited)",
					"@executable_path/../Frameworks",
				);
				MACOSX_DEPLOYMENT_TARGET = 12.3;
				MARKETING_VERSION = 1.0;
				PRODUCT_BUNDLE_IDENTIFIER = "diagnose-app.diagnose-app";
				PRODUCT_NAME = "diagnose-app";
				SDKROOT = macosx;
				SWIFT_EMIT_LOC_STRINGS = YES;
				SWIFT_VERSION = 5.0;
			};
			name = Release;
		};
		A87703E22809374100A9118D /* Debug */ = {
			isa = XCBuildConfiguration;
			buildSettings = {
				ALWAYS_EMBED_SWIFT_STANDARD_LIBRARIES = YES;
				CODE_SIGN_STYLE = Automatic;
				CURRENT_PROJECT_VERSION = 1;
				DEVELOPMENT_TEAM = 79NG68J8MZ;
				GENERATE_INFOPLIST_FILE = YES;
				IPHONEOS_DEPLOYMENT_TARGET = 15.4;
				MARKETING_VERSION = 1.0;
				PRODUCT_BUNDLE_IDENTIFIER = "diagnose-app.Tests-iOS";
				PRODUCT_NAME = "$(TARGET_NAME)";
				SDKROOT = iphoneos;
				SWIFT_EMIT_LOC_STRINGS = NO;
				SWIFT_VERSION = 5.0;
				TARGETED_DEVICE_FAMILY = "1,2";
				TEST_TARGET_NAME = "diagnose-app (iOS)";
			};
			name = Debug;
		};
		A87703E32809374100A9118D /* Release */ = {
			isa = XCBuildConfiguration;
			buildSettings = {
				ALWAYS_EMBED_SWIFT_STANDARD_LIBRARIES = YES;
				CODE_SIGN_STYLE = Automatic;
				CURRENT_PROJECT_VERSION = 1;
				DEVELOPMENT_TEAM = 79NG68J8MZ;
				GENERATE_INFOPLIST_FILE = YES;
				IPHONEOS_DEPLOYMENT_TARGET = 15.4;
				MARKETING_VERSION = 1.0;
				PRODUCT_BUNDLE_IDENTIFIER = "diagnose-app.Tests-iOS";
				PRODUCT_NAME = "$(TARGET_NAME)";
				SDKROOT = iphoneos;
				SWIFT_EMIT_LOC_STRINGS = NO;
				SWIFT_VERSION = 5.0;
				TARGETED_DEVICE_FAMILY = "1,2";
				TEST_TARGET_NAME = "diagnose-app (iOS)";
				VALIDATE_PRODUCT = YES;
			};
			name = Release;
		};
		A87703E52809374100A9118D /* Debug */ = {
			isa = XCBuildConfiguration;
			buildSettings = {
				ALWAYS_EMBED_SWIFT_STANDARD_LIBRARIES = YES;
				CODE_SIGN_STYLE = Automatic;
				CURRENT_PROJECT_VERSION = 1;
				DEVELOPMENT_TEAM = 79NG68J8MZ;
				GENERATE_INFOPLIST_FILE = YES;
				MACOSX_DEPLOYMENT_TARGET = 12.3;
				MARKETING_VERSION = 1.0;
				PRODUCT_BUNDLE_IDENTIFIER = "diagnose-app.Tests-macOS";
				PRODUCT_NAME = "$(TARGET_NAME)";
				SDKROOT = macosx;
				SWIFT_EMIT_LOC_STRINGS = NO;
				SWIFT_VERSION = 5.0;
				TEST_TARGET_NAME = "diagnose-app (macOS)";
			};
			name = Debug;
		};
		A87703E62809374100A9118D /* Release */ = {
			isa = XCBuildConfiguration;
			buildSettings = {
				ALWAYS_EMBED_SWIFT_STANDARD_LIBRARIES = YES;
				CODE_SIGN_STYLE = Automatic;
				CURRENT_PROJECT_VERSION = 1;
				DEVELOPMENT_TEAM = 79NG68J8MZ;
				GENERATE_INFOPLIST_FILE = YES;
				MACOSX_DEPLOYMENT_TARGET = 12.3;
				MARKETING_VERSION = 1.0;
				PRODUCT_BUNDLE_IDENTIFIER = "diagnose-app.Tests-macOS";
				PRODUCT_NAME = "$(TARGET_NAME)";
				SDKROOT = macosx;
				SWIFT_EMIT_LOC_STRINGS = NO;
				SWIFT_VERSION = 5.0;
				TEST_TARGET_NAME = "diagnose-app (macOS)";
			};
			name = Release;
		};
/* End XCBuildConfiguration section */

/* Begin XCConfigurationList section */
		A87703A22809374000A9118D /* Build configuration list for PBXProject "diagnose-app" */ = {
			isa = XCConfigurationList;
			buildConfigurations = (
				A87703D92809374100A9118D /* Debug */,
				A87703DA2809374100A9118D /* Release */,
			);
			defaultConfigurationIsVisible = 0;
			defaultConfigurationName = Release;
		};
		A87703DB2809374100A9118D /* Build configuration list for PBXNativeTarget "diagnose-app (iOS)" */ = {
			isa = XCConfigurationList;
			buildConfigurations = (
				A87703DC2809374100A9118D /* Debug */,
				A87703DD2809374100A9118D /* Release */,
			);
			defaultConfigurationIsVisible = 0;
			defaultConfigurationName = Release;
		};
		A87703DE2809374100A9118D /* Build configuration list for PBXNativeTarget "diagnose-app (macOS)" */ = {
			isa = XCConfigurationList;
			buildConfigurations = (
				A87703DF2809374100A9118D /* Debug */,
				A87703E02809374100A9118D /* Release */,
			);
			defaultConfigurationIsVisible = 0;
			defaultConfigurationName = Release;
		};
		A87703E12809374100A9118D /* Build configuration list for PBXNativeTarget "Tests iOS" */ = {
			isa = XCConfigurationList;
			buildConfigurations = (
				A87703E22809374100A9118D /* Debug */,
				A87703E32809374100A9118D /* Release */,
			);
			defaultConfigurationIsVisible = 0;
			defaultConfigurationName = Release;
		};
		A87703E42809374100A9118D /* Build configuration list for PBXNativeTarget "Tests macOS" */ = {
			isa = XCConfigurationList;
			buildConfigurations = (
				A87703E52809374100A9118D /* Debug */,
				A87703E62809374100A9118D /* Release */,
			);
			defaultConfigurationIsVisible = 0;
			defaultConfigurationName = Release;
		};
/* End XCConfigurationList section */

/* Begin XCVersionGroup section */
		A87703A42809374000A9118D /* diagnose_app.xcdatamodeld */ = {
			isa = XCVersionGroup;
			children = (
				A87703A52809374000A9118D /* Shared.xcdatamodel */,
			);
			currentVersion = A87703A52809374000A9118D /* Shared.xcdatamodel */;
			path = diagnose_app.xcdatamodeld;
			sourceTree = "<group>";
			versionGroupType = wrapper.xcdatamodel;
		};
/* End XCVersionGroup section */
	};
	rootObject = A877039F2809374000A9118D /* Project object */;
}
